
Microsoft Visual Studio Solution File, Format Version 12.00
# Visual Studio Version 16
VisualStudioVersion = 16.0.29209.62
MinimumVisualStudioVersion = 10.0.40219.1
Project("{8BC9CEB8-8B4A-11D0-8D11-00A0C91BC942}") = "0919", "0919.vcxproj", "{873C0CBA-4EEA-4985-A5BF-3572DEC73105}"
EndProject
Project("{8BC9CEB8-8B4A-11D0-8D11-00A0C91BC942}") = "0926", "..\0926\0926.vcxproj", "{678798B6-B35D-4EA8-8919-2146C9FEFA82}"
EndProject
Project("{8BC9CEB8-8B4A-11D0-8D11-00A0C91BC942}") = "1010", "..\1010\1010.vcxproj", "{2050AC87-54BB-4656-80CC-04B5BE94BFF7}"
EndProject
Project("{8BC9CEB8-8B4A-11D0-8D11-00A0C91BC942}") = "1017", "..\1026\1026.vcxproj", "{2AFFF8E2-5B9F-424B-86A7-9EB8B0429066}"
EndProject
Project("{8BC9CEB8-8B4A-11D0-8D11-00A0C91BC942}") = "1031", "..\1031\1031.vcxproj", "{95DE7FB8-7F7B-478C-8B94-FC631DD91676}"
EndProject
Project("{8BC9CEB8-8B4A-11D0-8D11-00A0C91BC942}") = "1107", "..\1107\1107.vcxproj", "{36855BF7-0BD2-4AD5-9B07-02B2B943CC4B}"
EndProject
Project("{8BC9CEB8-8B4A-11D0-8D11-00A0C91BC942}") = "1114", "..\1114\1114.vcxproj", "{376DD77A-A7C4-4E72-A3DB-33F660F76E68}"
EndProject
Project("{8BC9CEB8-8B4A-11D0-8D11-00A0C91BC942}") = "1121", "..\1121\1121.vcxproj", "{91FD9040-F8AA-4045-AAA3-72D442FCB388}"
EndProject
Project("{8BC9CEB8-8B4A-11D0-8D11-00A0C91BC942}") = "1128", "..\1128\1128.vcxproj", "{EB4C4F97-8F36-43AE-AFAD-F5B27E552BBE}"
EndProject
Project("{8BC9CEB8-8B4A-11D0-8D11-00A0C91BC942}") = "1204", "..\1204\1204.vcxproj", "{60470E18-D2B1-43C7-8EAE-EEFEBB3AD7AC}"
EndProject
Project("{8BC9CEB8-8B4A-11D0-8D11-00A0C91BC942}") = "1212", "..\1212\1212.vcxproj", "{C5F62FC0-3F2B-4D67-9B16-175BB342B9E8}"
EndProject
Project("{2150E333-8FDC-42A3-9474-1A3956D46DE8}") = "NewFolder1", "NewFolder1", "{C40B6725-A795-4A4B-944E-332A1EED2B5F}"
EndProject
Global
	GlobalSection(SolutionConfigurationPlatforms) = preSolution
		Debug|x64 = Debug|x64
		Debug|x86 = Debug|x86
		Release|x64 = Release|x64
		Release|x86 = Release|x86
	EndGlobalSection
	GlobalSection(ProjectConfigurationPlatforms) = postSolution
		{873C0CBA-4EEA-4985-A5BF-3572DEC73105}.Debug|x64.ActiveCfg = Debug|x64
		{873C0CBA-4EEA-4985-A5BF-3572DEC73105}.Debug|x64.Build.0 = Debug|x64
		{873C0CBA-4EEA-4985-A5BF-3572DEC73105}.Debug|x86.ActiveCfg = Debug|Win32
		{873C0CBA-4EEA-4985-A5BF-3572DEC73105}.Debug|x86.Build.0 = Debug|Win32
		{873C0CBA-4EEA-4985-A5BF-3572DEC73105}.Release|x64.ActiveCfg = Release|x64
		{873C0CBA-4EEA-4985-A5BF-3572DEC73105}.Release|x64.Build.0 = Release|x64
		{873C0CBA-4EEA-4985-A5BF-3572DEC73105}.Release|x86.ActiveCfg = Release|Win32
		{873C0CBA-4EEA-4985-A5BF-3572DEC73105}.Release|x86.Build.0 = Release|Win32
		{678798B6-B35D-4EA8-8919-2146C9FEFA82}.Debug|x64.ActiveCfg = Debug|x64
		{678798B6-B35D-4EA8-8919-2146C9FEFA82}.Debug|x64.Build.0 = Debug|x64
		{678798B6-B35D-4EA8-8919-2146C9FEFA82}.Debug|x86.ActiveCfg = Debug|Win32
		{678798B6-B35D-4EA8-8919-2146C9FEFA82}.Debug|x86.Build.0 = Debug|Win32
		{678798B6-B35D-4EA8-8919-2146C9FEFA82}.Release|x64.ActiveCfg = Release|x64
		{678798B6-B35D-4EA8-8919-2146C9FEFA82}.Release|x64.Build.0 = Release|x64
		{678798B6-B35D-4EA8-8919-2146C9FEFA82}.Release|x86.ActiveCfg = Release|Win32
		{678798B6-B35D-4EA8-8919-2146C9FEFA82}.Release|x86.Build.0 = Release|Win32
		{2050AC87-54BB-4656-80CC-04B5BE94BFF7}.Debug|x64.ActiveCfg = Debug|x64
		{2050AC87-54BB-4656-80CC-04B5BE94BFF7}.Debug|x64.Build.0 = Debug|x64
		{2050AC87-54BB-4656-80CC-04B5BE94BFF7}.Debug|x86.ActiveCfg = Debug|Win32
		{2050AC87-54BB-4656-80CC-04B5BE94BFF7}.Debug|x86.Build.0 = Debug|Win32
		{2050AC87-54BB-4656-80CC-04B5BE94BFF7}.Release|x64.ActiveCfg = Release|x64
		{2050AC87-54BB-4656-80CC-04B5BE94BFF7}.Release|x64.Build.0 = Release|x64
		{2050AC87-54BB-4656-80CC-04B5BE94BFF7}.Release|x86.ActiveCfg = Release|Win32
		{2050AC87-54BB-4656-80CC-04B5BE94BFF7}.Release|x86.Build.0 = Release|Win32
		{2AFFF8E2-5B9F-424B-86A7-9EB8B0429066}.Debug|x64.ActiveCfg = Debug|x64
		{2AFFF8E2-5B9F-424B-86A7-9EB8B0429066}.Debug|x64.Build.0 = Debug|x64
		{2AFFF8E2-5B9F-424B-86A7-9EB8B0429066}.Debug|x86.ActiveCfg = Debug|Win32
		{2AFFF8E2-5B9F-424B-86A7-9EB8B0429066}.Debug|x86.Build.0 = Debug|Win32
		{2AFFF8E2-5B9F-424B-86A7-9EB8B0429066}.Release|x64.ActiveCfg = Release|x64
		{2AFFF8E2-5B9F-424B-86A7-9EB8B0429066}.Release|x64.Build.0 = Release|x64
		{2AFFF8E2-5B9F-424B-86A7-9EB8B0429066}.Release|x86.ActiveCfg = Release|Win32
		{2AFFF8E2-5B9F-424B-86A7-9EB8B0429066}.Release|x86.Build.0 = Release|Win32
		{95DE7FB8-7F7B-478C-8B94-FC631DD91676}.Debug|x64.ActiveCfg = Debug|x64
		{95DE7FB8-7F7B-478C-8B94-FC631DD91676}.Debug|x64.Build.0 = Debug|x64
		{95DE7FB8-7F7B-478C-8B94-FC631DD91676}.Debug|x86.ActiveCfg = Debug|Win32
		{95DE7FB8-7F7B-478C-8B94-FC631DD91676}.Debug|x86.Build.0 = Debug|Win32
		{95DE7FB8-7F7B-478C-8B94-FC631DD91676}.Release|x64.ActiveCfg = Release|x64
		{95DE7FB8-7F7B-478C-8B94-FC631DD91676}.Release|x64.Build.0 = Release|x64
		{95DE7FB8-7F7B-478C-8B94-FC631DD91676}.Release|x86.ActiveCfg = Release|Win32
		{95DE7FB8-7F7B-478C-8B94-FC631DD91676}.Release|x86.Build.0 = Release|Win32
		{36855BF7-0BD2-4AD5-9B07-02B2B943CC4B}.Debug|x64.ActiveCfg = Debug|x64
		{36855BF7-0BD2-4AD5-9B07-02B2B943CC4B}.Debug|x64.Build.0 = Debug|x64
		{36855BF7-0BD2-4AD5-9B07-02B2B943CC4B}.Debug|x86.ActiveCfg = Debug|Win32
		{36855BF7-0BD2-4AD5-9B07-02B2B943CC4B}.Debug|x86.Build.0 = Debug|Win32
		{36855BF7-0BD2-4AD5-9B07-02B2B943CC4B}.Release|x64.ActiveCfg = Release|x64
		{36855BF7-0BD2-4AD5-9B07-02B2B943CC4B}.Release|x64.Build.0 = Release|x64
		{36855BF7-0BD2-4AD5-9B07-02B2B943CC4B}.Release|x86.ActiveCfg = Release|Win32
		{36855BF7-0BD2-4AD5-9B07-02B2B943CC4B}.Release|x86.Build.0 = Release|Win32
		{376DD77A-A7C4-4E72-A3DB-33F660F76E68}.Debug|x64.ActiveCfg = Debug|x64
		{376DD77A-A7C4-4E72-A3DB-33F660F76E68}.Debug|x64.Build.0 = Debug|x64
		{376DD77A-A7C4-4E72-A3DB-33F660F76E68}.Debug|x86.ActiveCfg = Debug|Win32
		{376DD77A-A7C4-4E72-A3DB-33F660F76E68}.Debug|x86.Build.0 = Debug|Win32
		{376DD77A-A7C4-4E72-A3DB-33F660F76E68}.Release|x64.ActiveCfg = Release|x64
		{376DD77A-A7C4-4E72-A3DB-33F660F76E68}.Release|x64.Build.0 = Release|x64
		{376DD77A-A7C4-4E72-A3DB-33F660F76E68}.Release|x86.ActiveCfg = Release|Win32
		{376DD77A-A7C4-4E72-A3DB-33F660F76E68}.Release|x86.Build.0 = Release|Win32
		{91FD9040-F8AA-4045-AAA3-72D442FCB388}.Debug|x64.ActiveCfg = Debug|x64
		{91FD9040-F8AA-4045-AAA3-72D442FCB388}.Debug|x64.Build.0 = Debug|x64
		{91FD9040-F8AA-4045-AAA3-72D442FCB388}.Debug|x86.ActiveCfg = Debug|Win32
		{91FD9040-F8AA-4045-AAA3-72D442FCB388}.Debug|x86.Build.0 = Debug|Win32
		{91FD9040-F8AA-4045-AAA3-72D442FCB388}.Release|x64.ActiveCfg = Release|x64
		{91FD9040-F8AA-4045-AAA3-72D442FCB388}.Release|x64.Build.0 = Release|x64
		{91FD9040-F8AA-4045-AAA3-72D442FCB388}.Release|x86.ActiveCfg = Release|Win32
		{91FD9040-F8AA-4045-AAA3-72D442FCB388}.Release|x86.Build.0 = Release|Win32
		{EB4C4F97-8F36-43AE-AFAD-F5B27E552BBE}.Debug|x64.ActiveCfg = Debug|x64
		{EB4C4F97-8F36-43AE-AFAD-F5B27E552BBE}.Debug|x64.Build.0 = Debug|x64
		{EB4C4F97-8F36-43AE-AFAD-F5B27E552BBE}.Debug|x86.ActiveCfg = Debug|Win32
		{EB4C4F97-8F36-43AE-AFAD-F5B27E552BBE}.Debug|x86.Build.0 = Debug|Win32
		{EB4C4F97-8F36-43AE-AFAD-F5B27E552BBE}.Release|x64.ActiveCfg = Release|x64
		{EB4C4F97-8F36-43AE-AFAD-F5B27E552BBE}.Release|x64.Build.0 = Release|x64
		{EB4C4F97-8F36-43AE-AFAD-F5B27E552BBE}.Release|x86.ActiveCfg = Release|Win32
		{EB4C4F97-8F36-43AE-AFAD-F5B27E552BBE}.Release|x86.Build.0 = Release|Win32
		{60470E18-D2B1-43C7-8EAE-EEFEBB3AD7AC}.Debug|x64.ActiveCfg = Debug|x64
		{60470E18-D2B1-43C7-8EAE-EEFEBB3AD7AC}.Debug|x64.Build.0 = Debug|x64
		{60470E18-D2B1-43C7-8EAE-EEFEBB3AD7AC}.Debug|x86.ActiveCfg = Debug|Win32
		{60470E18-D2B1-43C7-8EAE-EEFEBB3AD7AC}.Debug|x86.Build.0 = Debug|Win32
		{60470E18-D2B1-43C7-8EAE-EEFEBB3AD7AC}.Release|x64.ActiveCfg = Release|x64
		{60470E18-D2B1-43C7-8EAE-EEFEBB3AD7AC}.Release|x64.Build.0 = Release|x64
		{60470E18-D2B1-43C7-8EAE-EEFEBB3AD7AC}.Release|x86.ActiveCfg = Release|Win32
		{60470E18-D2B1-43C7-8EAE-EEFEBB3AD7AC}.Release|x86.Build.0 = Release|Win32
		{C5F62FC0-3F2B-4D67-9B16-175BB342B9E8}.Debug|x64.ActiveCfg = Debug|x64
		{C5F62FC0-3F2B-4D67-9B16-175BB342B9E8}.Debug|x64.Build.0 = Debug|x64
		{C5F62FC0-3F2B-4D67-9B16-175BB342B9E8}.Debug|x86.ActiveCfg = Debug|Win32
		{C5F62FC0-3F2B-4D67-9B16-175BB342B9E8}.Debug|x86.Build.0 = Debug|Win32
		{C5F62FC0-3F2B-4D67-9B16-175BB342B9E8}.Release|x64.ActiveCfg = Release|x64
		{C5F62FC0-3F2B-4D67-9B16-175BB342B9E8}.Release|x64.Build.0 = Release|x64
		{C5F62FC0-3F2B-4D67-9B16-175BB342B9E8}.Release|x86.ActiveCfg = Release|Win32
		{C5F62FC0-3F2B-4D67-9B16-175BB342B9E8}.Release|x86.Build.0 = Release|Win32
	EndGlobalSection
	GlobalSection(SolutionProperties) = preSolution
		HideSolutionNode = FALSE
	EndGlobalSection
	GlobalSection(ExtensibilityGlobals) = postSolution
		SolutionGuid = {BEDDC9EC-E785-4BD8-A645-FD512FCF1E87}
	EndGlobalSection
EndGlobal
